// !$*UTF8*$!
{
	archiveVersion = 1;
	classes = {
	};
	objectVersion = 56;
	objects = {

/* Begin PBXBuildFile section */
		E20EC6192BB3D96500223B19 /* FirebaseAuth in Frameworks */ = {isa = PBXBuildFile; productRef = E20EC6182BB3D96500223B19 /* FirebaseAuth */; };
		E20EC61B2BB3D96500223B19 /* FirebaseFirestore in Frameworks */ = {isa = PBXBuildFile; productRef = E20EC61A2BB3D96500223B19 /* FirebaseFirestore */; };
		E20EC61D2BB3D96500223B19 /* FirebaseFirestoreSwift in Frameworks */ = {isa = PBXBuildFile; productRef = E20EC61C2BB3D96500223B19 /* FirebaseFirestoreSwift */; };
		E20EC6212BB60C5500223B19 /* HomeView.swift in Sources */ = {isa = PBXBuildFile; fileRef = E20EC6202BB60C5500223B19 /* HomeView.swift */; };
		E21466C42BAE72B2000A61DB /* billbreakerApp.swift in Sources */ = {isa = PBXBuildFile; fileRef = E21466C32BAE72B2000A61DB /* billbreakerApp.swift */; };
		E21466C82BAE72B6000A61DB /* Assets.xcassets in Resources */ = {isa = PBXBuildFile; fileRef = E21466C72BAE72B6000A61DB /* Assets.xcassets */; };
		E21466CB2BAE72B6000A61DB /* Preview Assets.xcassets in Resources */ = {isa = PBXBuildFile; fileRef = E21466CA2BAE72B6000A61DB /* Preview Assets.xcassets */; };
		E21466D52BAE72B7000A61DB /* billbreakerTests.swift in Sources */ = {isa = PBXBuildFile; fileRef = E21466D42BAE72B7000A61DB /* billbreakerTests.swift */; };
		E21466DF2BAE72B7000A61DB /* billbreakerUITests.swift in Sources */ = {isa = PBXBuildFile; fileRef = E21466DE2BAE72B7000A61DB /* billbreakerUITests.swift */; };
		E21466E12BAE72B7000A61DB /* billbreakerUITestsLaunchTests.swift in Sources */ = {isa = PBXBuildFile; fileRef = E21466E02BAE72B7000A61DB /* billbreakerUITestsLaunchTests.swift */; };
		E225080C2BBE58DF00FB97B8 /* TestView.swift in Sources */ = {isa = PBXBuildFile; fileRef = E225080B2BBE58DF00FB97B8 /* TestView.swift */; };
		E2409E1E2BED348000A5940D /* EnterItemsView.swift in Sources */ = {isa = PBXBuildFile; fileRef = E2409E1D2BED348000A5940D /* EnterItemsView.swift */; };
		E2409E202BED3B0800A5940D /* ProfileView.swift in Sources */ = {isa = PBXBuildFile; fileRef = E2409E1F2BED3B0800A5940D /* ProfileView.swift */; };
		E2409E222BED9B7B00A5940D /* AppDelegate.swift in Sources */ = {isa = PBXBuildFile; fileRef = E2409E212BED9B7B00A5940D /* AppDelegate.swift */; };
		E24EEFFC2BBFF8A100E24B56 /* BillDetailsView.swift in Sources */ = {isa = PBXBuildFile; fileRef = E24EEFFB2BBFF8A100E24B56 /* BillDetailsView.swift */; };
		E27966032BC38F66000B0368 /* SignUpView.swift in Sources */ = {isa = PBXBuildFile; fileRef = E27966022BC38F65000B0368 /* SignUpView.swift */; };
		E27966052BC46D89000B0368 /* UserViewModel.swift in Sources */ = {isa = PBXBuildFile; fileRef = E27966042BC46D89000B0368 /* UserViewModel.swift */; };
		E27966072BC476BD000B0368 /* LegitP.swift in Sources */ = {isa = PBXBuildFile; fileRef = E27966062BC476BD000B0368 /* LegitP.swift */; };
		E27966092BC48178000B0368 /* Item.swift in Sources */ = {isa = PBXBuildFile; fileRef = E27966082BC48178000B0368 /* Item.swift */; };
		E279660B2BC493CD000B0368 /* LoginView.swift in Sources */ = {isa = PBXBuildFile; fileRef = E279660A2BC493CD000B0368 /* LoginView.swift */; };
		E279660D2BC49D83000B0368 /* WhichView.swift in Sources */ = {isa = PBXBuildFile; fileRef = E279660C2BC49D83000B0368 /* WhichView.swift */; };
		E279660F2BC4D411000B0368 /* ReceiptViewModel.swift in Sources */ = {isa = PBXBuildFile; fileRef = E279660E2BC4D411000B0368 /* ReceiptViewModel.swift */; };
		E27966112BC4DA5E000B0368 /* ItemVIewModel.swift in Sources */ = {isa = PBXBuildFile; fileRef = E27966102BC4DA5E000B0368 /* ItemVIewModel.swift */; };
		E27966132BC4DADB000B0368 /* PersonViewModel.swift in Sources */ = {isa = PBXBuildFile; fileRef = E27966122BC4DADB000B0368 /* PersonViewModel.swift */; };
		E2A47A232C17CE000023E29D /* GoogleService-Info.plist in Resources */ = {isa = PBXBuildFile; fileRef = E2A47A222C17CE000023E29D /* GoogleService-Info.plist */; };
		E2A47A252C1A2FBC0023E29D /* JoinReceiptView.swift in Sources */ = {isa = PBXBuildFile; fileRef = E2A47A242C1A2FBC0023E29D /* JoinReceiptView.swift */; };
		E2A47A272C1CE8140023E29D /* GuestSignInView.swift in Sources */ = {isa = PBXBuildFile; fileRef = E2A47A262C1CE8140023E29D /* GuestSignInView.swift */; };
		E2B83BC72BEC11EF00A29D71 /* NewReceiptView.swift in Sources */ = {isa = PBXBuildFile; fileRef = E2B83BC62BEC11EF00A29D71 /* NewReceiptView.swift */; };
		E2C759EF2BC34A6F00F8894C /* FirebaseDatabase in Frameworks */ = {isa = PBXBuildFile; productRef = E2C759EE2BC34A6F00F8894C /* FirebaseDatabase */; };
		E2D1F29C2BC0595C00B27278 /* ClaimItemsView.swift in Sources */ = {isa = PBXBuildFile; fileRef = E2D1F29B2BC0595C00B27278 /* ClaimItemsView.swift */; };
		E2D1F29E2BC05E3400B27278 /* PersonView.swift in Sources */ = {isa = PBXBuildFile; fileRef = E2D1F29D2BC05E3400B27278 /* PersonView.swift */; };
		E2D1F2A02BC0B18200B27278 /* Receipt.swift in Sources */ = {isa = PBXBuildFile; fileRef = E2D1F29F2BC0B18200B27278 /* Receipt.swift */; };
		E2D1F2A22BC0CD3400B27278 /* User.swift in Sources */ = {isa = PBXBuildFile; fileRef = E2D1F2A12BC0CD3400B27278 /* User.swift */; };
		E2DDFBEB2BAF735E00BAD5AC /* BreakABillView.swift in Sources */ = {isa = PBXBuildFile; fileRef = E2DDFBEA2BAF735E00BAD5AC /* BreakABillView.swift */; };
		E2DDFBF22BB1E74A00BAD5AC /* CachedImageManager.swift in Sources */ = {isa = PBXBuildFile; fileRef = E2DDFBF12BB1E74A00BAD5AC /* CachedImageManager.swift */; };
		E2DDFBF42BB1E77300BAD5AC /* Camera.swift in Sources */ = {isa = PBXBuildFile; fileRef = E2DDFBF32BB1E77200BAD5AC /* Camera.swift */; };
		E2DDFBF62BB1E79900BAD5AC /* CameraView.swift in Sources */ = {isa = PBXBuildFile; fileRef = E2DDFBF52BB1E79900BAD5AC /* CameraView.swift */; };
		E2DDFBF82BB1E7A500BAD5AC /* DataModel.swift in Sources */ = {isa = PBXBuildFile; fileRef = E2DDFBF72BB1E7A500BAD5AC /* DataModel.swift */; };
		E2DDFBFA2BB1E7B600BAD5AC /* PhotoAsset.swift in Sources */ = {isa = PBXBuildFile; fileRef = E2DDFBF92BB1E7B600BAD5AC /* PhotoAsset.swift */; };
		E2DDFBFC2BB1E7C000BAD5AC /* PhotoAssetCollection.swift in Sources */ = {isa = PBXBuildFile; fileRef = E2DDFBFB2BB1E7C000BAD5AC /* PhotoAssetCollection.swift */; };
		E2DDFBFE2BB1E7C900BAD5AC /* PhotoCollection.swift in Sources */ = {isa = PBXBuildFile; fileRef = E2DDFBFD2BB1E7C900BAD5AC /* PhotoCollection.swift */; };
		E2DDFC002BB1E7D500BAD5AC /* PhotoCollectionView.swift in Sources */ = {isa = PBXBuildFile; fileRef = E2DDFBFF2BB1E7D400BAD5AC /* PhotoCollectionView.swift */; };
		E2DDFC022BB1E7DD00BAD5AC /* PhotoItemView.swift in Sources */ = {isa = PBXBuildFile; fileRef = E2DDFC012BB1E7DD00BAD5AC /* PhotoItemView.swift */; };
		E2DDFC042BB1E7E600BAD5AC /* PhotoLibrary.swift in Sources */ = {isa = PBXBuildFile; fileRef = E2DDFC032BB1E7E600BAD5AC /* PhotoLibrary.swift */; };
		E2DDFC062BB1E7ED00BAD5AC /* PhotoView.swift in Sources */ = {isa = PBXBuildFile; fileRef = E2DDFC052BB1E7ED00BAD5AC /* PhotoView.swift */; };
		E2DDFC082BB1E7F700BAD5AC /* ThumbnailView.swift in Sources */ = {isa = PBXBuildFile; fileRef = E2DDFC072BB1E7F700BAD5AC /* ThumbnailView.swift */; };
		E2DDFC0A2BB1E80300BAD5AC /* ViewfinderView.swift in Sources */ = {isa = PBXBuildFile; fileRef = E2DDFC092BB1E80300BAD5AC /* ViewfinderView.swift */; };
		E2DDFC0D2BB1EA0200BAD5AC /* Person.swift in Sources */ = {isa = PBXBuildFile; fileRef = E2DDFC0C2BB1EA0200BAD5AC /* Person.swift */; };
		E2DDFC0F2BB1EA3200BAD5AC /* Bill.swift in Sources */ = {isa = PBXBuildFile; fileRef = E2DDFC0E2BB1EA3200BAD5AC /* Bill.swift */; };
		E2DDFC132BB1FAE100BAD5AC /* TipTotalView.swift in Sources */ = {isa = PBXBuildFile; fileRef = E2DDFC122BB1FAE000BAD5AC /* TipTotalView.swift */; };
		E2DDFC152BB1FF8900BAD5AC /* BillItem.swift in Sources */ = {isa = PBXBuildFile; fileRef = E2DDFC142BB1FF8900BAD5AC /* BillItem.swift */; };
		E2DDFC182BB1FFCD00BAD5AC /* BillViewModel.swift in Sources */ = {isa = PBXBuildFile; fileRef = E2DDFC172BB1FFCD00BAD5AC /* BillViewModel.swift */; };
		E2DDFC1A2BB2014600BAD5AC /* AddItemView.swift in Sources */ = {isa = PBXBuildFile; fileRef = E2DDFC192BB2014600BAD5AC /* AddItemView.swift */; };
		E2DDFC1C2BB25D6E00BAD5AC /* HorizontalNameView.swift in Sources */ = {isa = PBXBuildFile; fileRef = E2DDFC1B2BB25D6E00BAD5AC /* HorizontalNameView.swift */; };
		E2DDFC1F2BB26AB800BAD5AC /* Helper.swift in Sources */ = {isa = PBXBuildFile; fileRef = E2DDFC1E2BB26AB800BAD5AC /* Helper.swift */; };
		E2DDFC212BB26C1900BAD5AC /* Seeing.swift in Sources */ = {isa = PBXBuildFile; fileRef = E2DDFC202BB26C1900BAD5AC /* Seeing.swift */; };
		E2DDFC232BB292E200BAD5AC /* TextRecognitionService.swift in Sources */ = {isa = PBXBuildFile; fileRef = E2DDFC222BB292E200BAD5AC /* TextRecognitionService.swift */; };
		E2EE21B12C096D5500A5399C /* ItemView.swift in Sources */ = {isa = PBXBuildFile; fileRef = E2EE21B02C096D5500A5399C /* ItemView.swift */; };
/* End PBXBuildFile section */

/* Begin PBXContainerItemProxy section */
		E21466D12BAE72B7000A61DB /* PBXContainerItemProxy */ = {
			isa = PBXContainerItemProxy;
			containerPortal = E21466B82BAE72B2000A61DB /* Project object */;
			proxyType = 1;
			remoteGlobalIDString = E21466BF2BAE72B2000A61DB;
			remoteInfo = billbreaker;
		};
		E21466DB2BAE72B7000A61DB /* PBXContainerItemProxy */ = {
			isa = PBXContainerItemProxy;
			containerPortal = E21466B82BAE72B2000A61DB /* Project object */;
			proxyType = 1;
			remoteGlobalIDString = E21466BF2BAE72B2000A61DB;
			remoteInfo = billbreaker;
		};
/* End PBXContainerItemProxy section */

/* Begin PBXFileReference section */
		E20EC6202BB60C5500223B19 /* HomeView.swift */ = {isa = PBXFileReference; lastKnownFileType = sourcecode.swift; path = HomeView.swift; sourceTree = "<group>"; };
		E21466C02BAE72B2000A61DB /* billbreaker.app */ = {isa = PBXFileReference; explicitFileType = wrapper.application; includeInIndex = 0; path = billbreaker.app; sourceTree = BUILT_PRODUCTS_DIR; };
		E21466C32BAE72B2000A61DB /* billbreakerApp.swift */ = {isa = PBXFileReference; lastKnownFileType = sourcecode.swift; path = billbreakerApp.swift; sourceTree = "<group>"; };
		E21466C72BAE72B6000A61DB /* Assets.xcassets */ = {isa = PBXFileReference; lastKnownFileType = folder.assetcatalog; path = Assets.xcassets; sourceTree = "<group>"; };
		E21466CA2BAE72B6000A61DB /* Preview Assets.xcassets */ = {isa = PBXFileReference; lastKnownFileType = folder.assetcatalog; path = "Preview Assets.xcassets"; sourceTree = "<group>"; };
		E21466D02BAE72B7000A61DB /* billbreakerTests.xctest */ = {isa = PBXFileReference; explicitFileType = wrapper.cfbundle; includeInIndex = 0; path = billbreakerTests.xctest; sourceTree = BUILT_PRODUCTS_DIR; };
		E21466D42BAE72B7000A61DB /* billbreakerTests.swift */ = {isa = PBXFileReference; lastKnownFileType = sourcecode.swift; path = billbreakerTests.swift; sourceTree = "<group>"; };
		E21466DA2BAE72B7000A61DB /* billbreakerUITests.xctest */ = {isa = PBXFileReference; explicitFileType = wrapper.cfbundle; includeInIndex = 0; path = billbreakerUITests.xctest; sourceTree = BUILT_PRODUCTS_DIR; };
		E21466DE2BAE72B7000A61DB /* billbreakerUITests.swift */ = {isa = PBXFileReference; lastKnownFileType = sourcecode.swift; path = billbreakerUITests.swift; sourceTree = "<group>"; };
		E21466E02BAE72B7000A61DB /* billbreakerUITestsLaunchTests.swift */ = {isa = PBXFileReference; lastKnownFileType = sourcecode.swift; path = billbreakerUITestsLaunchTests.swift; sourceTree = "<group>"; };
		E225080B2BBE58DF00FB97B8 /* TestView.swift */ = {isa = PBXFileReference; lastKnownFileType = sourcecode.swift; path = TestView.swift; sourceTree = "<group>"; };
		E2409E1D2BED348000A5940D /* EnterItemsView.swift */ = {isa = PBXFileReference; lastKnownFileType = sourcecode.swift; path = EnterItemsView.swift; sourceTree = "<group>"; };
		E2409E1F2BED3B0800A5940D /* ProfileView.swift */ = {isa = PBXFileReference; lastKnownFileType = sourcecode.swift; path = ProfileView.swift; sourceTree = "<group>"; };
		E2409E212BED9B7B00A5940D /* AppDelegate.swift */ = {isa = PBXFileReference; lastKnownFileType = sourcecode.swift; path = AppDelegate.swift; sourceTree = "<group>"; };
		E24EEFFB2BBFF8A100E24B56 /* BillDetailsView.swift */ = {isa = PBXFileReference; lastKnownFileType = sourcecode.swift; path = BillDetailsView.swift; sourceTree = "<group>"; };
		E27966022BC38F65000B0368 /* SignUpView.swift */ = {isa = PBXFileReference; lastKnownFileType = sourcecode.swift; path = SignUpView.swift; sourceTree = "<group>"; };
		E27966042BC46D89000B0368 /* UserViewModel.swift */ = {isa = PBXFileReference; lastKnownFileType = sourcecode.swift; path = UserViewModel.swift; sourceTree = "<group>"; };
		E27966062BC476BD000B0368 /* LegitP.swift */ = {isa = PBXFileReference; lastKnownFileType = sourcecode.swift; path = LegitP.swift; sourceTree = "<group>"; };
		E27966082BC48178000B0368 /* Item.swift */ = {isa = PBXFileReference; lastKnownFileType = sourcecode.swift; path = Item.swift; sourceTree = "<group>"; };
		E279660A2BC493CD000B0368 /* LoginView.swift */ = {isa = PBXFileReference; lastKnownFileType = sourcecode.swift; path = LoginView.swift; sourceTree = "<group>"; };
		E279660C2BC49D83000B0368 /* WhichView.swift */ = {isa = PBXFileReference; lastKnownFileType = sourcecode.swift; path = WhichView.swift; sourceTree = "<group>"; };
		E279660E2BC4D411000B0368 /* ReceiptViewModel.swift */ = {isa = PBXFileReference; lastKnownFileType = sourcecode.swift; path = ReceiptViewModel.swift; sourceTree = "<group>"; };
		E27966102BC4DA5E000B0368 /* ItemVIewModel.swift */ = {isa = PBXFileReference; lastKnownFileType = sourcecode.swift; path = ItemVIewModel.swift; sourceTree = "<group>"; };
		E27966122BC4DADB000B0368 /* PersonViewModel.swift */ = {isa = PBXFileReference; lastKnownFileType = sourcecode.swift; path = PersonViewModel.swift; sourceTree = "<group>"; };
		E2A47A222C17CE000023E29D /* GoogleService-Info.plist */ = {isa = PBXFileReference; fileEncoding = 4; lastKnownFileType = text.plist.xml; path = "GoogleService-Info.plist"; sourceTree = "<group>"; };
		E2A47A242C1A2FBC0023E29D /* JoinReceiptView.swift */ = {isa = PBXFileReference; lastKnownFileType = sourcecode.swift; path = JoinReceiptView.swift; sourceTree = "<group>"; };
		E2A47A262C1CE8140023E29D /* GuestSignInView.swift */ = {isa = PBXFileReference; lastKnownFileType = sourcecode.swift; path = GuestSignInView.swift; sourceTree = "<group>"; };
		E2B83BC62BEC11EF00A29D71 /* NewReceiptView.swift */ = {isa = PBXFileReference; lastKnownFileType = sourcecode.swift; path = NewReceiptView.swift; sourceTree = "<group>"; };
		E2D1F29B2BC0595C00B27278 /* ClaimItemsView.swift */ = {isa = PBXFileReference; lastKnownFileType = sourcecode.swift; path = ClaimItemsView.swift; sourceTree = "<group>"; };
		E2D1F29D2BC05E3400B27278 /* PersonView.swift */ = {isa = PBXFileReference; lastKnownFileType = sourcecode.swift; path = PersonView.swift; sourceTree = "<group>"; };
		E2D1F29F2BC0B18200B27278 /* Receipt.swift */ = {isa = PBXFileReference; lastKnownFileType = sourcecode.swift; path = Receipt.swift; sourceTree = "<group>"; };
		E2D1F2A12BC0CD3400B27278 /* User.swift */ = {isa = PBXFileReference; lastKnownFileType = sourcecode.swift; path = User.swift; sourceTree = "<group>"; };
		E2DDFBEA2BAF735E00BAD5AC /* BreakABillView.swift */ = {isa = PBXFileReference; lastKnownFileType = sourcecode.swift; path = BreakABillView.swift; sourceTree = "<group>"; };
		E2DDFBF12BB1E74A00BAD5AC /* CachedImageManager.swift */ = {isa = PBXFileReference; fileEncoding = 4; lastKnownFileType = sourcecode.swift; path = CachedImageManager.swift; sourceTree = "<group>"; };
		E2DDFBF32BB1E77200BAD5AC /* Camera.swift */ = {isa = PBXFileReference; fileEncoding = 4; lastKnownFileType = sourcecode.swift; path = Camera.swift; sourceTree = "<group>"; };
		E2DDFBF52BB1E79900BAD5AC /* CameraView.swift */ = {isa = PBXFileReference; fileEncoding = 4; lastKnownFileType = sourcecode.swift; path = CameraView.swift; sourceTree = "<group>"; };
		E2DDFBF72BB1E7A500BAD5AC /* DataModel.swift */ = {isa = PBXFileReference; fileEncoding = 4; lastKnownFileType = sourcecode.swift; path = DataModel.swift; sourceTree = "<group>"; };
		E2DDFBF92BB1E7B600BAD5AC /* PhotoAsset.swift */ = {isa = PBXFileReference; fileEncoding = 4; lastKnownFileType = sourcecode.swift; path = PhotoAsset.swift; sourceTree = "<group>"; };
		E2DDFBFB2BB1E7C000BAD5AC /* PhotoAssetCollection.swift */ = {isa = PBXFileReference; fileEncoding = 4; lastKnownFileType = sourcecode.swift; path = PhotoAssetCollection.swift; sourceTree = "<group>"; };
		E2DDFBFD2BB1E7C900BAD5AC /* PhotoCollection.swift */ = {isa = PBXFileReference; fileEncoding = 4; lastKnownFileType = sourcecode.swift; path = PhotoCollection.swift; sourceTree = "<group>"; };
		E2DDFBFF2BB1E7D400BAD5AC /* PhotoCollectionView.swift */ = {isa = PBXFileReference; fileEncoding = 4; lastKnownFileType = sourcecode.swift; path = PhotoCollectionView.swift; sourceTree = "<group>"; };
		E2DDFC012BB1E7DD00BAD5AC /* PhotoItemView.swift */ = {isa = PBXFileReference; fileEncoding = 4; lastKnownFileType = sourcecode.swift; path = PhotoItemView.swift; sourceTree = "<group>"; };
		E2DDFC032BB1E7E600BAD5AC /* PhotoLibrary.swift */ = {isa = PBXFileReference; fileEncoding = 4; lastKnownFileType = sourcecode.swift; path = PhotoLibrary.swift; sourceTree = "<group>"; };
		E2DDFC052BB1E7ED00BAD5AC /* PhotoView.swift */ = {isa = PBXFileReference; fileEncoding = 4; lastKnownFileType = sourcecode.swift; path = PhotoView.swift; sourceTree = "<group>"; };
		E2DDFC072BB1E7F700BAD5AC /* ThumbnailView.swift */ = {isa = PBXFileReference; fileEncoding = 4; lastKnownFileType = sourcecode.swift; path = ThumbnailView.swift; sourceTree = "<group>"; };
		E2DDFC092BB1E80300BAD5AC /* ViewfinderView.swift */ = {isa = PBXFileReference; fileEncoding = 4; lastKnownFileType = sourcecode.swift; path = ViewfinderView.swift; sourceTree = "<group>"; };
		E2DDFC0C2BB1EA0200BAD5AC /* Person.swift */ = {isa = PBXFileReference; lastKnownFileType = sourcecode.swift; path = Person.swift; sourceTree = "<group>"; };
		E2DDFC0E2BB1EA3200BAD5AC /* Bill.swift */ = {isa = PBXFileReference; lastKnownFileType = sourcecode.swift; path = Bill.swift; sourceTree = "<group>"; };
		E2DDFC122BB1FAE000BAD5AC /* TipTotalView.swift */ = {isa = PBXFileReference; lastKnownFileType = sourcecode.swift; path = TipTotalView.swift; sourceTree = "<group>"; };
		E2DDFC142BB1FF8900BAD5AC /* BillItem.swift */ = {isa = PBXFileReference; lastKnownFileType = sourcecode.swift; path = BillItem.swift; sourceTree = "<group>"; };
		E2DDFC172BB1FFCD00BAD5AC /* BillViewModel.swift */ = {isa = PBXFileReference; lastKnownFileType = sourcecode.swift; path = BillViewModel.swift; sourceTree = "<group>"; };
		E2DDFC192BB2014600BAD5AC /* AddItemView.swift */ = {isa = PBXFileReference; lastKnownFileType = sourcecode.swift; path = AddItemView.swift; sourceTree = "<group>"; };
		E2DDFC1B2BB25D6E00BAD5AC /* HorizontalNameView.swift */ = {isa = PBXFileReference; lastKnownFileType = sourcecode.swift; path = HorizontalNameView.swift; sourceTree = "<group>"; };
		E2DDFC1E2BB26AB800BAD5AC /* Helper.swift */ = {isa = PBXFileReference; lastKnownFileType = sourcecode.swift; path = Helper.swift; sourceTree = "<group>"; };
		E2DDFC202BB26C1900BAD5AC /* Seeing.swift */ = {isa = PBXFileReference; lastKnownFileType = sourcecode.swift; path = Seeing.swift; sourceTree = "<group>"; };
		E2DDFC222BB292E200BAD5AC /* TextRecognitionService.swift */ = {isa = PBXFileReference; lastKnownFileType = sourcecode.swift; path = TextRecognitionService.swift; sourceTree = "<group>"; };
		E2EE21B02C096D5500A5399C /* ItemView.swift */ = {isa = PBXFileReference; lastKnownFileType = sourcecode.swift; path = ItemView.swift; sourceTree = "<group>"; };
/* End PBXFileReference section */

/* Begin PBXFrameworksBuildPhase section */
		E21466BD2BAE72B2000A61DB /* Frameworks */ = {
			isa = PBXFrameworksBuildPhase;
			buildActionMask = 2147483647;
			files = (
				E20EC6192BB3D96500223B19 /* FirebaseAuth in Frameworks */,
				E20EC61B2BB3D96500223B19 /* FirebaseFirestore in Frameworks */,
				E2C759EF2BC34A6F00F8894C /* FirebaseDatabase in Frameworks */,
				E20EC61D2BB3D96500223B19 /* FirebaseFirestoreSwift in Frameworks */,
			);
			runOnlyForDeploymentPostprocessing = 0;
		};
		E21466CD2BAE72B7000A61DB /* Frameworks */ = {
			isa = PBXFrameworksBuildPhase;
			buildActionMask = 2147483647;
			files = (
			);
			runOnlyForDeploymentPostprocessing = 0;
		};
		E21466D72BAE72B7000A61DB /* Frameworks */ = {
			isa = PBXFrameworksBuildPhase;
			buildActionMask = 2147483647;
			files = (
			);
			runOnlyForDeploymentPostprocessing = 0;
		};
/* End PBXFrameworksBuildPhase section */

/* Begin PBXGroup section */
		E20EC6142BB3CB9E00223B19 /* Firebase */ = {
			isa = PBXGroup;
			children = (
			);
			path = Firebase;
			sourceTree = "<group>";
		};
		E21466B72BAE72B2000A61DB = {
			isa = PBXGroup;
			children = (
				E20EC6142BB3CB9E00223B19 /* Firebase */,
				E2DDFC1D2BB268E800BAD5AC /* CmpVision */,
				E2DDFC162BB1FFA800BAD5AC /* ViewModel */,
				E2DDFC0B2BB1E9DB00BAD5AC /* Classes */,
				E2DDFBF02BB1E2F400BAD5AC /* Camera */,
				E21466C22BAE72B2000A61DB /* billbreaker */,
				E21466D32BAE72B7000A61DB /* billbreakerTests */,
				E21466DD2BAE72B7000A61DB /* billbreakerUITests */,
				E21466C12BAE72B2000A61DB /* Products */,
			);
			sourceTree = "<group>";
		};
		E21466C12BAE72B2000A61DB /* Products */ = {
			isa = PBXGroup;
			children = (
				E21466C02BAE72B2000A61DB /* billbreaker.app */,
				E21466D02BAE72B7000A61DB /* billbreakerTests.xctest */,
				E21466DA2BAE72B7000A61DB /* billbreakerUITests.xctest */,
			);
			name = Products;
			sourceTree = "<group>";
		};
		E21466C22BAE72B2000A61DB /* billbreaker */ = {
			isa = PBXGroup;
			children = (
				E21466C32BAE72B2000A61DB /* billbreakerApp.swift */,
				E2DDFBEA2BAF735E00BAD5AC /* BreakABillView.swift */,
				E2DDFC122BB1FAE000BAD5AC /* TipTotalView.swift */,
				E2DDFC192BB2014600BAD5AC /* AddItemView.swift */,
				E2DDFC1B2BB25D6E00BAD5AC /* HorizontalNameView.swift */,
				E20EC6202BB60C5500223B19 /* HomeView.swift */,
				E225080B2BBE58DF00FB97B8 /* TestView.swift */,
				E2EE21B02C096D5500A5399C /* ItemView.swift */,
				E24EEFFB2BBFF8A100E24B56 /* BillDetailsView.swift */,
				E279660A2BC493CD000B0368 /* LoginView.swift */,
				E2D1F29B2BC0595C00B27278 /* ClaimItemsView.swift */,
				E2D1F29D2BC05E3400B27278 /* PersonView.swift */,
				E27966022BC38F65000B0368 /* SignUpView.swift */,
				E279660C2BC49D83000B0368 /* WhichView.swift */,
				E2B83BC62BEC11EF00A29D71 /* NewReceiptView.swift */,
				E2409E1D2BED348000A5940D /* EnterItemsView.swift */,
				E2409E1F2BED3B0800A5940D /* ProfileView.swift */,
				E2A47A242C1A2FBC0023E29D /* JoinReceiptView.swift */,
				E2A47A262C1CE8140023E29D /* GuestSignInView.swift */,
				E2409E212BED9B7B00A5940D /* AppDelegate.swift */,
				E2A47A222C17CE000023E29D /* GoogleService-Info.plist */,
				E21466C72BAE72B6000A61DB /* Assets.xcassets */,
				E21466C92BAE72B6000A61DB /* Preview Content */,
			);
			path = billbreaker;
			sourceTree = "<group>";
		};
		E21466C92BAE72B6000A61DB /* Preview Content */ = {
			isa = PBXGroup;
			children = (
				E21466CA2BAE72B6000A61DB /* Preview Assets.xcassets */,
			);
			path = "Preview Content";
			sourceTree = "<group>";
		};
		E21466D32BAE72B7000A61DB /* billbreakerTests */ = {
			isa = PBXGroup;
			children = (
				E21466D42BAE72B7000A61DB /* billbreakerTests.swift */,
			);
			path = billbreakerTests;
			sourceTree = "<group>";
		};
		E21466DD2BAE72B7000A61DB /* billbreakerUITests */ = {
			isa = PBXGroup;
			children = (
				E21466DE2BAE72B7000A61DB /* billbreakerUITests.swift */,
				E21466E02BAE72B7000A61DB /* billbreakerUITestsLaunchTests.swift */,
			);
			path = billbreakerUITests;
			sourceTree = "<group>";
		};
		E2DDFBF02BB1E2F400BAD5AC /* Camera */ = {
			isa = PBXGroup;
			children = (
				E2DDFBF12BB1E74A00BAD5AC /* CachedImageManager.swift */,
				E2DDFBF32BB1E77200BAD5AC /* Camera.swift */,
				E2DDFBF52BB1E79900BAD5AC /* CameraView.swift */,
				E2DDFBF72BB1E7A500BAD5AC /* DataModel.swift */,
				E2DDFBF92BB1E7B600BAD5AC /* PhotoAsset.swift */,
				E2DDFBFB2BB1E7C000BAD5AC /* PhotoAssetCollection.swift */,
				E2DDFBFD2BB1E7C900BAD5AC /* PhotoCollection.swift */,
				E2DDFBFF2BB1E7D400BAD5AC /* PhotoCollectionView.swift */,
				E2DDFC012BB1E7DD00BAD5AC /* PhotoItemView.swift */,
				E2DDFC032BB1E7E600BAD5AC /* PhotoLibrary.swift */,
				E2DDFC072BB1E7F700BAD5AC /* ThumbnailView.swift */,
				E2DDFC052BB1E7ED00BAD5AC /* PhotoView.swift */,
				E2DDFC092BB1E80300BAD5AC /* ViewfinderView.swift */,
			);
			path = Camera;
			sourceTree = "<group>";
		};
		E2DDFC0B2BB1E9DB00BAD5AC /* Classes */ = {
			isa = PBXGroup;
			children = (
				E2D1F2A12BC0CD3400B27278 /* User.swift */,
				E27966062BC476BD000B0368 /* LegitP.swift */,
				E2D1F29F2BC0B18200B27278 /* Receipt.swift */,
				E27966082BC48178000B0368 /* Item.swift */,
				E2DDFC0E2BB1EA3200BAD5AC /* Bill.swift */,
				E2DDFC0C2BB1EA0200BAD5AC /* Person.swift */,
				E2DDFC142BB1FF8900BAD5AC /* BillItem.swift */,
			);
			path = Classes;
			sourceTree = "<group>";
		};
		E2DDFC162BB1FFA800BAD5AC /* ViewModel */ = {
			isa = PBXGroup;
			children = (
				E2DDFC172BB1FFCD00BAD5AC /* BillViewModel.swift */,
				E27966042BC46D89000B0368 /* UserViewModel.swift */,
				E279660E2BC4D411000B0368 /* ReceiptViewModel.swift */,
				E27966102BC4DA5E000B0368 /* ItemVIewModel.swift */,
				E27966122BC4DADB000B0368 /* PersonViewModel.swift */,
			);
			path = ViewModel;
			sourceTree = "<group>";
		};
		E2DDFC1D2BB268E800BAD5AC /* CmpVision */ = {
			isa = PBXGroup;
			children = (
				E2DDFC1E2BB26AB800BAD5AC /* Helper.swift */,
				E2DDFC202BB26C1900BAD5AC /* Seeing.swift */,
				E2DDFC222BB292E200BAD5AC /* TextRecognitionService.swift */,
			);
			path = CmpVision;
			sourceTree = "<group>";
		};
/* End PBXGroup section */

/* Begin PBXNativeTarget section */
		E21466BF2BAE72B2000A61DB /* billbreaker */ = {
			isa = PBXNativeTarget;
			buildConfigurationList = E21466E42BAE72B7000A61DB /* Build configuration list for PBXNativeTarget "billbreaker" */;
			buildPhases = (
				E21466BC2BAE72B2000A61DB /* Sources */,
				E21466BD2BAE72B2000A61DB /* Frameworks */,
				E21466BE2BAE72B2000A61DB /* Resources */,
			);
			buildRules = (
			);
			dependencies = (
			);
			name = billbreaker;
			packageProductDependencies = (
				E20EC6182BB3D96500223B19 /* FirebaseAuth */,
				E20EC61A2BB3D96500223B19 /* FirebaseFirestore */,
				E20EC61C2BB3D96500223B19 /* FirebaseFirestoreSwift */,
				E2C759EE2BC34A6F00F8894C /* FirebaseDatabase */,
			);
			productName = billbreaker;
			productReference = E21466C02BAE72B2000A61DB /* billbreaker.app */;
			productType = "com.apple.product-type.application";
		};
		E21466CF2BAE72B7000A61DB /* billbreakerTests */ = {
			isa = PBXNativeTarget;
			buildConfigurationList = E21466E72BAE72B7000A61DB /* Build configuration list for PBXNativeTarget "billbreakerTests" */;
			buildPhases = (
				E21466CC2BAE72B7000A61DB /* Sources */,
				E21466CD2BAE72B7000A61DB /* Frameworks */,
				E21466CE2BAE72B7000A61DB /* Resources */,
			);
			buildRules = (
			);
			dependencies = (
				E21466D22BAE72B7000A61DB /* PBXTargetDependency */,
			);
			name = billbreakerTests;
			productName = billbreakerTests;
			productReference = E21466D02BAE72B7000A61DB /* billbreakerTests.xctest */;
			productType = "com.apple.product-type.bundle.unit-test";
		};
		E21466D92BAE72B7000A61DB /* billbreakerUITests */ = {
			isa = PBXNativeTarget;
			buildConfigurationList = E21466EA2BAE72B7000A61DB /* Build configuration list for PBXNativeTarget "billbreakerUITests" */;
			buildPhases = (
				E21466D62BAE72B7000A61DB /* Sources */,
				E21466D72BAE72B7000A61DB /* Frameworks */,
				E21466D82BAE72B7000A61DB /* Resources */,
			);
			buildRules = (
			);
			dependencies = (
				E21466DC2BAE72B7000A61DB /* PBXTargetDependency */,
			);
			name = billbreakerUITests;
			productName = billbreakerUITests;
			productReference = E21466DA2BAE72B7000A61DB /* billbreakerUITests.xctest */;
			productType = "com.apple.product-type.bundle.ui-testing";
		};
/* End PBXNativeTarget section */

/* Begin PBXProject section */
		E21466B82BAE72B2000A61DB /* Project object */ = {
			isa = PBXProject;
			attributes = {
				BuildIndependentTargetsInParallel = 1;
				LastSwiftUpdateCheck = 1530;
				LastUpgradeCheck = 1530;
				TargetAttributes = {
					E21466BF2BAE72B2000A61DB = {
						CreatedOnToolsVersion = 15.3;
					};
					E21466CF2BAE72B7000A61DB = {
						CreatedOnToolsVersion = 15.3;
						TestTargetID = E21466BF2BAE72B2000A61DB;
					};
					E21466D92BAE72B7000A61DB = {
						CreatedOnToolsVersion = 15.3;
						TestTargetID = E21466BF2BAE72B2000A61DB;
					};
				};
			};
			buildConfigurationList = E21466BB2BAE72B2000A61DB /* Build configuration list for PBXProject "billbreaker" */;
			compatibilityVersion = "Xcode 14.0";
			developmentRegion = en;
			hasScannedForEncodings = 0;
			knownRegions = (
				en,
				Base,
			);
			mainGroup = E21466B72BAE72B2000A61DB;
			packageReferences = (
				E20EC6172BB3D96500223B19 /* XCRemoteSwiftPackageReference "firebase-ios-sdk" */,
			);
			productRefGroup = E21466C12BAE72B2000A61DB /* Products */;
			projectDirPath = "";
			projectRoot = "";
			targets = (
				E21466BF2BAE72B2000A61DB /* billbreaker */,
				E21466CF2BAE72B7000A61DB /* billbreakerTests */,
				E21466D92BAE72B7000A61DB /* billbreakerUITests */,
			);
		};
/* End PBXProject section */

/* Begin PBXResourcesBuildPhase section */
		E21466BE2BAE72B2000A61DB /* Resources */ = {
			isa = PBXResourcesBuildPhase;
			buildActionMask = 2147483647;
			files = (
				E21466CB2BAE72B6000A61DB /* Preview Assets.xcassets in Resources */,
				E21466C82BAE72B6000A61DB /* Assets.xcassets in Resources */,
				E2A47A232C17CE000023E29D /* GoogleService-Info.plist in Resources */,
			);
			runOnlyForDeploymentPostprocessing = 0;
		};
		E21466CE2BAE72B7000A61DB /* Resources */ = {
			isa = PBXResourcesBuildPhase;
			buildActionMask = 2147483647;
			files = (
			);
			runOnlyForDeploymentPostprocessing = 0;
		};
		E21466D82BAE72B7000A61DB /* Resources */ = {
			isa = PBXResourcesBuildPhase;
			buildActionMask = 2147483647;
			files = (
			);
			runOnlyForDeploymentPostprocessing = 0;
		};
/* End PBXResourcesBuildPhase section */

/* Begin PBXSourcesBuildPhase section */
		E21466BC2BAE72B2000A61DB /* Sources */ = {
			isa = PBXSourcesBuildPhase;
			buildActionMask = 2147483647;
			files = (
				E225080C2BBE58DF00FB97B8 /* TestView.swift in Sources */,
				E2DDFBF82BB1E7A500BAD5AC /* DataModel.swift in Sources */,
				E20EC6212BB60C5500223B19 /* HomeView.swift in Sources */,
				E2409E222BED9B7B00A5940D /* AppDelegate.swift in Sources */,
				E2DDFC042BB1E7E600BAD5AC /* PhotoLibrary.swift in Sources */,
				E2DDFC132BB1FAE100BAD5AC /* TipTotalView.swift in Sources */,
				E2DDFC212BB26C1900BAD5AC /* Seeing.swift in Sources */,
				E2DDFBF42BB1E77300BAD5AC /* Camera.swift in Sources */,
				E2DDFBEB2BAF735E00BAD5AC /* BreakABillView.swift in Sources */,
				E2DDFBF62BB1E79900BAD5AC /* CameraView.swift in Sources */,
				E27966112BC4DA5E000B0368 /* ItemVIewModel.swift in Sources */,
				E27966052BC46D89000B0368 /* UserViewModel.swift in Sources */,
				E2DDFBFA2BB1E7B600BAD5AC /* PhotoAsset.swift in Sources */,
				E27966032BC38F66000B0368 /* SignUpView.swift in Sources */,
				E2DDFC182BB1FFCD00BAD5AC /* BillViewModel.swift in Sources */,
				E2DDFC0D2BB1EA0200BAD5AC /* Person.swift in Sources */,
				E2B83BC72BEC11EF00A29D71 /* NewReceiptView.swift in Sources */,
				E2DDFC022BB1E7DD00BAD5AC /* PhotoItemView.swift in Sources */,
				E2DDFC232BB292E200BAD5AC /* TextRecognitionService.swift in Sources */,
				E27966132BC4DADB000B0368 /* PersonViewModel.swift in Sources */,
				E27966092BC48178000B0368 /* Item.swift in Sources */,
				E2409E202BED3B0800A5940D /* ProfileView.swift in Sources */,
				E24EEFFC2BBFF8A100E24B56 /* BillDetailsView.swift in Sources */,
				E279660D2BC49D83000B0368 /* WhichView.swift in Sources */,
				E2DDFBFE2BB1E7C900BAD5AC /* PhotoCollection.swift in Sources */,
				E27966072BC476BD000B0368 /* LegitP.swift in Sources */,
				E2DDFC062BB1E7ED00BAD5AC /* PhotoView.swift in Sources */,
				E2DDFBF22BB1E74A00BAD5AC /* CachedImageManager.swift in Sources */,
				E2DDFBFC2BB1E7C000BAD5AC /* PhotoAssetCollection.swift in Sources */,
				E2A47A252C1A2FBC0023E29D /* JoinReceiptView.swift in Sources */,
				E2D1F29E2BC05E3400B27278 /* PersonView.swift in Sources */,
				E279660F2BC4D411000B0368 /* ReceiptViewModel.swift in Sources */,
				E2EE21B12C096D5500A5399C /* ItemView.swift in Sources */,
				E2D1F29C2BC0595C00B27278 /* ClaimItemsView.swift in Sources */,
				E2D1F2A02BC0B18200B27278 /* Receipt.swift in Sources */,
				E2DDFC082BB1E7F700BAD5AC /* ThumbnailView.swift in Sources */,
				E2DDFC1C2BB25D6E00BAD5AC /* HorizontalNameView.swift in Sources */,
				E2DDFC0A2BB1E80300BAD5AC /* ViewfinderView.swift in Sources */,
				E2DDFC002BB1E7D500BAD5AC /* PhotoCollectionView.swift in Sources */,
				E2409E1E2BED348000A5940D /* EnterItemsView.swift in Sources */,
				E2DDFC0F2BB1EA3200BAD5AC /* Bill.swift in Sources */,
				E2DDFC1A2BB2014600BAD5AC /* AddItemView.swift in Sources */,
				E2D1F2A22BC0CD3400B27278 /* User.swift in Sources */,
				E2A47A272C1CE8140023E29D /* GuestSignInView.swift in Sources */,
				E2DDFC1F2BB26AB800BAD5AC /* Helper.swift in Sources */,
				E21466C42BAE72B2000A61DB /* billbreakerApp.swift in Sources */,
				E279660B2BC493CD000B0368 /* LoginView.swift in Sources */,
				E2DDFC152BB1FF8900BAD5AC /* BillItem.swift in Sources */,
			);
			runOnlyForDeploymentPostprocessing = 0;
		};
		E21466CC2BAE72B7000A61DB /* Sources */ = {
			isa = PBXSourcesBuildPhase;
			buildActionMask = 2147483647;
			files = (
				E21466D52BAE72B7000A61DB /* billbreakerTests.swift in Sources */,
			);
			runOnlyForDeploymentPostprocessing = 0;
		};
		E21466D62BAE72B7000A61DB /* Sources */ = {
			isa = PBXSourcesBuildPhase;
			buildActionMask = 2147483647;
			files = (
				E21466E12BAE72B7000A61DB /* billbreakerUITestsLaunchTests.swift in Sources */,
				E21466DF2BAE72B7000A61DB /* billbreakerUITests.swift in Sources */,
			);
			runOnlyForDeploymentPostprocessing = 0;
		};
/* End PBXSourcesBuildPhase section */

/* Begin PBXTargetDependency section */
		E21466D22BAE72B7000A61DB /* PBXTargetDependency */ = {
			isa = PBXTargetDependency;
			target = E21466BF2BAE72B2000A61DB /* billbreaker */;
			targetProxy = E21466D12BAE72B7000A61DB /* PBXContainerItemProxy */;
		};
		E21466DC2BAE72B7000A61DB /* PBXTargetDependency */ = {
			isa = PBXTargetDependency;
			target = E21466BF2BAE72B2000A61DB /* billbreaker */;
			targetProxy = E21466DB2BAE72B7000A61DB /* PBXContainerItemProxy */;
		};
/* End PBXTargetDependency section */

/* Begin XCBuildConfiguration section */
		E21466E22BAE72B7000A61DB /* Debug */ = {
			isa = XCBuildConfiguration;
			buildSettings = {
				ALWAYS_SEARCH_USER_PATHS = NO;
				ASSETCATALOG_COMPILER_GENERATE_SWIFT_ASSET_SYMBOL_EXTENSIONS = YES;
				CLANG_ANALYZER_NONNULL = YES;
				CLANG_ANALYZER_NUMBER_OBJECT_CONVERSION = YES_AGGRESSIVE;
				CLANG_CXX_LANGUAGE_STANDARD = "gnu++20";
				CLANG_ENABLE_MODULES = YES;
				CLANG_ENABLE_OBJC_ARC = YES;
				CLANG_ENABLE_OBJC_WEAK = YES;
				CLANG_WARN_BLOCK_CAPTURE_AUTORELEASING = YES;
				CLANG_WARN_BOOL_CONVERSION = YES;
				CLANG_WARN_COMMA = YES;
				CLANG_WARN_CONSTANT_CONVERSION = YES;
				CLANG_WARN_DEPRECATED_OBJC_IMPLEMENTATIONS = YES;
				CLANG_WARN_DIRECT_OBJC_ISA_USAGE = YES_ERROR;
				CLANG_WARN_DOCUMENTATION_COMMENTS = YES;
				CLANG_WARN_EMPTY_BODY = YES;
				CLANG_WARN_ENUM_CONVERSION = YES;
				CLANG_WARN_INFINITE_RECURSION = YES;
				CLANG_WARN_INT_CONVERSION = YES;
				CLANG_WARN_NON_LITERAL_NULL_CONVERSION = YES;
				CLANG_WARN_OBJC_IMPLICIT_RETAIN_SELF = YES;
				CLANG_WARN_OBJC_LITERAL_CONVERSION = YES;
				CLANG_WARN_OBJC_ROOT_CLASS = YES_ERROR;
				CLANG_WARN_QUOTED_INCLUDE_IN_FRAMEWORK_HEADER = YES;
				CLANG_WARN_RANGE_LOOP_ANALYSIS = YES;
				CLANG_WARN_STRICT_PROTOTYPES = YES;
				CLANG_WARN_SUSPICIOUS_MOVE = YES;
				CLANG_WARN_UNGUARDED_AVAILABILITY = YES_AGGRESSIVE;
				CLANG_WARN_UNREACHABLE_CODE = YES;
				CLANG_WARN__DUPLICATE_METHOD_MATCH = YES;
				COPY_PHASE_STRIP = NO;
				DEBUG_INFORMATION_FORMAT = dwarf;
				ENABLE_STRICT_OBJC_MSGSEND = YES;
				ENABLE_TESTABILITY = YES;
				ENABLE_USER_SCRIPT_SANDBOXING = YES;
				GCC_C_LANGUAGE_STANDARD = gnu17;
				GCC_DYNAMIC_NO_PIC = NO;
				GCC_NO_COMMON_BLOCKS = YES;
				GCC_OPTIMIZATION_LEVEL = 0;
				GCC_PREPROCESSOR_DEFINITIONS = (
					"DEBUG=1",
					"$(inherited)",
				);
				GCC_WARN_64_TO_32_BIT_CONVERSION = YES;
				GCC_WARN_ABOUT_RETURN_TYPE = YES_ERROR;
				GCC_WARN_UNDECLARED_SELECTOR = YES;
				GCC_WARN_UNINITIALIZED_AUTOS = YES_AGGRESSIVE;
				GCC_WARN_UNUSED_FUNCTION = YES;
				GCC_WARN_UNUSED_VARIABLE = YES;
				IPHONEOS_DEPLOYMENT_TARGET = 17.4;
				LOCALIZATION_PREFERS_STRING_CATALOGS = YES;
				MTL_ENABLE_DEBUG_INFO = INCLUDE_SOURCE;
				MTL_FAST_MATH = YES;
				ONLY_ACTIVE_ARCH = YES;
				SDKROOT = iphoneos;
				SWIFT_ACTIVE_COMPILATION_CONDITIONS = "DEBUG $(inherited)";
				SWIFT_OPTIMIZATION_LEVEL = "-Onone";
			};
			name = Debug;
		};
		E21466E32BAE72B7000A61DB /* Release */ = {
			isa = XCBuildConfiguration;
			buildSettings = {
				ALWAYS_SEARCH_USER_PATHS = NO;
				ASSETCATALOG_COMPILER_GENERATE_SWIFT_ASSET_SYMBOL_EXTENSIONS = YES;
				CLANG_ANALYZER_NONNULL = YES;
				CLANG_ANALYZER_NUMBER_OBJECT_CONVERSION = YES_AGGRESSIVE;
				CLANG_CXX_LANGUAGE_STANDARD = "gnu++20";
				CLANG_ENABLE_MODULES = YES;
				CLANG_ENABLE_OBJC_ARC = YES;
				CLANG_ENABLE_OBJC_WEAK = YES;
				CLANG_WARN_BLOCK_CAPTURE_AUTORELEASING = YES;
				CLANG_WARN_BOOL_CONVERSION = YES;
				CLANG_WARN_COMMA = YES;
				CLANG_WARN_CONSTANT_CONVERSION = YES;
				CLANG_WARN_DEPRECATED_OBJC_IMPLEMENTATIONS = YES;
				CLANG_WARN_DIRECT_OBJC_ISA_USAGE = YES_ERROR;
				CLANG_WARN_DOCUMENTATION_COMMENTS = YES;
				CLANG_WARN_EMPTY_BODY = YES;
				CLANG_WARN_ENUM_CONVERSION = YES;
				CLANG_WARN_INFINITE_RECURSION = YES;
				CLANG_WARN_INT_CONVERSION = YES;
				CLANG_WARN_NON_LITERAL_NULL_CONVERSION = YES;
				CLANG_WARN_OBJC_IMPLICIT_RETAIN_SELF = YES;
				CLANG_WARN_OBJC_LITERAL_CONVERSION = YES;
				CLANG_WARN_OBJC_ROOT_CLASS = YES_ERROR;
				CLANG_WARN_QUOTED_INCLUDE_IN_FRAMEWORK_HEADER = YES;
				CLANG_WARN_RANGE_LOOP_ANALYSIS = YES;
				CLANG_WARN_STRICT_PROTOTYPES = YES;
				CLANG_WARN_SUSPICIOUS_MOVE = YES;
				CLANG_WARN_UNGUARDED_AVAILABILITY = YES_AGGRESSIVE;
				CLANG_WARN_UNREACHABLE_CODE = YES;
				CLANG_WARN__DUPLICATE_METHOD_MATCH = YES;
				COPY_PHASE_STRIP = NO;
				DEBUG_INFORMATION_FORMAT = "dwarf-with-dsym";
				ENABLE_NS_ASSERTIONS = NO;
				ENABLE_STRICT_OBJC_MSGSEND = YES;
				ENABLE_USER_SCRIPT_SANDBOXING = YES;
				GCC_C_LANGUAGE_STANDARD = gnu17;
				GCC_NO_COMMON_BLOCKS = YES;
				GCC_WARN_64_TO_32_BIT_CONVERSION = YES;
				GCC_WARN_ABOUT_RETURN_TYPE = YES_ERROR;
				GCC_WARN_UNDECLARED_SELECTOR = YES;
				GCC_WARN_UNINITIALIZED_AUTOS = YES_AGGRESSIVE;
				GCC_WARN_UNUSED_FUNCTION = YES;
				GCC_WARN_UNUSED_VARIABLE = YES;
				IPHONEOS_DEPLOYMENT_TARGET = 17.4;
				LOCALIZATION_PREFERS_STRING_CATALOGS = YES;
				MTL_ENABLE_DEBUG_INFO = NO;
				MTL_FAST_MATH = YES;
				SDKROOT = iphoneos;
				SWIFT_COMPILATION_MODE = wholemodule;
				VALIDATE_PRODUCT = YES;
			};
			name = Release;
		};
		E21466E52BAE72B7000A61DB /* Debug */ = {
			isa = XCBuildConfiguration;
			buildSettings = {
				ASSETCATALOG_COMPILER_APPICON_NAME = AppIcon;
				ASSETCATALOG_COMPILER_GLOBAL_ACCENT_COLOR_NAME = AccentColor;
				CODE_SIGN_STYLE = Automatic;
				CURRENT_PROJECT_VERSION = 1;
				DEVELOPMENT_ASSET_PATHS = "\"billbreaker/Preview Content\"";
				DEVELOPMENT_TEAM = BM6RWHC29F;
				ENABLE_PREVIEWS = YES;
				GENERATE_INFOPLIST_FILE = YES;
				INFOPLIST_KEY_NSCameraUsageDescription = "\"Bill Breaker needs Camera access to scan receipt\"";
				INFOPLIST_KEY_NSPhotoLibraryUsageDescription = "\"Bill Breaker needs Photo Library access\"";
				INFOPLIST_KEY_UIApplicationSceneManifest_Generation = YES;
				INFOPLIST_KEY_UIApplicationSupportsIndirectInputEvents = YES;
				INFOPLIST_KEY_UILaunchScreen_Generation = YES;
				INFOPLIST_KEY_UISupportedInterfaceOrientations_iPad = "UIInterfaceOrientationPortrait UIInterfaceOrientationPortraitUpsideDown UIInterfaceOrientationLandscapeLeft UIInterfaceOrientationLandscapeRight";
				INFOPLIST_KEY_UISupportedInterfaceOrientations_iPhone = "UIInterfaceOrientationPortrait UIInterfaceOrientationLandscapeLeft UIInterfaceOrientationLandscapeRight";
				IPHONEOS_DEPLOYMENT_TARGET = 16.6;
				LD_RUNPATH_SEARCH_PATHS = (
					"$(inherited)",
					"@executable_path/Frameworks",
				);
				MARKETING_VERSION = 1.0;
				PRODUCT_BUNDLE_IDENTIFIER = com.nicholashabeth.billbreaker;
				PRODUCT_NAME = "$(TARGET_NAME)";
				SWIFT_EMIT_LOC_STRINGS = YES;
				SWIFT_VERSION = 5.0;
				TARGETED_DEVICE_FAMILY = "1,2";
			};
			name = Debug;
		};
		E21466E62BAE72B7000A61DB /* Release */ = {
			isa = XCBuildConfiguration;
			buildSettings = {
				ASSETCATALOG_COMPILER_APPICON_NAME = AppIcon;
				ASSETCATALOG_COMPILER_GLOBAL_ACCENT_COLOR_NAME = AccentColor;
				CODE_SIGN_STYLE = Automatic;
				CURRENT_PROJECT_VERSION = 1;
				DEVELOPMENT_ASSET_PATHS = "\"billbreaker/Preview Content\"";
				DEVELOPMENT_TEAM = BM6RWHC29F;
				ENABLE_PREVIEWS = YES;
				GENERATE_INFOPLIST_FILE = YES;
				INFOPLIST_KEY_NSCameraUsageDescription = "\"Bill Breaker needs Camera access to scan receipt\"";
				INFOPLIST_KEY_NSPhotoLibraryUsageDescription = "\"Bill Breaker needs Photo Library access\"";
				INFOPLIST_KEY_UIApplicationSceneManifest_Generation = YES;
				INFOPLIST_KEY_UIApplicationSupportsIndirectInputEvents = YES;
				INFOPLIST_KEY_UILaunchScreen_Generation = YES;
				INFOPLIST_KEY_UISupportedInterfaceOrientations_iPad = "UIInterfaceOrientationPortrait UIInterfaceOrientationPortraitUpsideDown UIInterfaceOrientationLandscapeLeft UIInterfaceOrientationLandscapeRight";
				INFOPLIST_KEY_UISupportedInterfaceOrientations_iPhone = "UIInterfaceOrientationPortrait UIInterfaceOrientationLandscapeLeft UIInterfaceOrientationLandscapeRight";
				IPHONEOS_DEPLOYMENT_TARGET = 16.6;
				LD_RUNPATH_SEARCH_PATHS = (
					"$(inherited)",
					"@executable_path/Frameworks",
				);
				MARKETING_VERSION = 1.0;
				PRODUCT_BUNDLE_IDENTIFIER = com.nicholashabeth.billbreaker;
				PRODUCT_NAME = "$(TARGET_NAME)";
				SWIFT_EMIT_LOC_STRINGS = YES;
				SWIFT_VERSION = 5.0;
				TARGETED_DEVICE_FAMILY = "1,2";
			};
			name = Release;
		};
		E21466E82BAE72B7000A61DB /* Debug */ = {
			isa = XCBuildConfiguration;
			buildSettings = {
				ALWAYS_EMBED_SWIFT_STANDARD_LIBRARIES = YES;
				BUNDLE_LOADER = "$(TEST_HOST)";
				CODE_SIGN_STYLE = Automatic;
				CURRENT_PROJECT_VERSION = 1;
				DEVELOPMENT_TEAM = BM6RWHC29F;
				GENERATE_INFOPLIST_FILE = YES;
				IPHONEOS_DEPLOYMENT_TARGET = 17.4;
				MARKETING_VERSION = 1.0;
				PRODUCT_BUNDLE_IDENTIFIER = com.nicholashabeth.billbreakerTests;
				PRODUCT_NAME = "$(TARGET_NAME)";
				SWIFT_EMIT_LOC_STRINGS = NO;
				SWIFT_VERSION = 5.0;
				TARGETED_DEVICE_FAMILY = "1,2";
				TEST_HOST = "$(BUILT_PRODUCTS_DIR)/billbreaker.app/$(BUNDLE_EXECUTABLE_FOLDER_PATH)/billbreaker";
			};
			name = Debug;
		};
		E21466E92BAE72B7000A61DB /* Release */ = {
			isa = XCBuildConfiguration;
			buildSettings = {
				ALWAYS_EMBED_SWIFT_STANDARD_LIBRARIES = YES;
				BUNDLE_LOADER = "$(TEST_HOST)";
				CODE_SIGN_STYLE = Automatic;
				CURRENT_PROJECT_VERSION = 1;
				DEVELOPMENT_TEAM = BM6RWHC29F;
				GENERATE_INFOPLIST_FILE = YES;
				IPHONEOS_DEPLOYMENT_TARGET = 17.4;
				MARKETING_VERSION = 1.0;
				PRODUCT_BUNDLE_IDENTIFIER = com.nicholashabeth.billbreakerTests;
				PRODUCT_NAME = "$(TARGET_NAME)";
				SWIFT_EMIT_LOC_STRINGS = NO;
				SWIFT_VERSION = 5.0;
				TARGETED_DEVICE_FAMILY = "1,2";
				TEST_HOST = "$(BUILT_PRODUCTS_DIR)/billbreaker.app/$(BUNDLE_EXECUTABLE_FOLDER_PATH)/billbreaker";
			};
			name = Release;
		};
		E21466EB2BAE72B7000A61DB /* Debug */ = {
			isa = XCBuildConfiguration;
			buildSettings = {
				ALWAYS_EMBED_SWIFT_STANDARD_LIBRARIES = YES;
				CODE_SIGN_STYLE = Automatic;
				CURRENT_PROJECT_VERSION = 1;
				DEVELOPMENT_TEAM = BM6RWHC29F;
				GENERATE_INFOPLIST_FILE = YES;
				MARKETING_VERSION = 1.0;
				PRODUCT_BUNDLE_IDENTIFIER = com.nicholashabeth.billbreakerUITests;
				PRODUCT_NAME = "$(TARGET_NAME)";
				SWIFT_EMIT_LOC_STRINGS = NO;
				SWIFT_VERSION = 5.0;
				TARGETED_DEVICE_FAMILY = "1,2";
				TEST_TARGET_NAME = billbreaker;
			};
			name = Debug;
		};
		E21466EC2BAE72B7000A61DB /* Release */ = {
			isa = XCBuildConfiguration;
			buildSettings = {
				ALWAYS_EMBED_SWIFT_STANDARD_LIBRARIES = YES;
				CODE_SIGN_STYLE = Automatic;
				CURRENT_PROJECT_VERSION = 1;
				DEVELOPMENT_TEAM = BM6RWHC29F;
				GENERATE_INFOPLIST_FILE = YES;
				MARKETING_VERSION = 1.0;
				PRODUCT_BUNDLE_IDENTIFIER = com.nicholashabeth.billbreakerUITests;
				PRODUCT_NAME = "$(TARGET_NAME)";
				SWIFT_EMIT_LOC_STRINGS = NO;
				SWIFT_VERSION = 5.0;
				TARGETED_DEVICE_FAMILY = "1,2";
				TEST_TARGET_NAME = billbreaker;
			};
			name = Release;
		};
/* End XCBuildConfiguration section */

/* Begin XCConfigurationList section */
		E21466BB2BAE72B2000A61DB /* Build configuration list for PBXProject "billbreaker" */ = {
			isa = XCConfigurationList;
			buildConfigurations = (
				E21466E22BAE72B7000A61DB /* Debug */,
				E21466E32BAE72B7000A61DB /* Release */,
			);
			defaultConfigurationIsVisible = 0;
			defaultConfigurationName = Release;
		};
		E21466E42BAE72B7000A61DB /* Build configuration list for PBXNativeTarget "billbreaker" */ = {
			isa = XCConfigurationList;
			buildConfigurations = (
				E21466E52BAE72B7000A61DB /* Debug */,
				E21466E62BAE72B7000A61DB /* Release */,
			);
			defaultConfigurationIsVisible = 0;
			defaultConfigurationName = Release;
		};
		E21466E72BAE72B7000A61DB /* Build configuration list for PBXNativeTarget "billbreakerTests" */ = {
			isa = XCConfigurationList;
			buildConfigurations = (
				E21466E82BAE72B7000A61DB /* Debug */,
				E21466E92BAE72B7000A61DB /* Release */,
			);
			defaultConfigurationIsVisible = 0;
			defaultConfigurationName = Release;
		};
		E21466EA2BAE72B7000A61DB /* Build configuration list for PBXNativeTarget "billbreakerUITests" */ = {
			isa = XCConfigurationList;
			buildConfigurations = (
				E21466EB2BAE72B7000A61DB /* Debug */,
				E21466EC2BAE72B7000A61DB /* Release */,
			);
			defaultConfigurationIsVisible = 0;
			defaultConfigurationName = Release;
		};
/* End XCConfigurationList section */

/* Begin XCRemoteSwiftPackageReference section */
		E20EC6172BB3D96500223B19 /* XCRemoteSwiftPackageReference "firebase-ios-sdk" */ = {
			isa = XCRemoteSwiftPackageReference;
			repositoryURL = "https://github.com/firebase/firebase-ios-sdk";
			requirement = {
				kind = upToNextMajorVersion;
				minimumVersion = 10.23.0;
			};
		};
/* End XCRemoteSwiftPackageReference section */

/* Begin XCSwiftPackageProductDependency section */
		E20EC6182BB3D96500223B19 /* FirebaseAuth */ = {
			isa = XCSwiftPackageProductDependency;
			package = E20EC6172BB3D96500223B19 /* XCRemoteSwiftPackageReference "firebase-ios-sdk" */;
			productName = FirebaseAuth;
		};
		E20EC61A2BB3D96500223B19 /* FirebaseFirestore */ = {
			isa = XCSwiftPackageProductDependency;
			package = E20EC6172BB3D96500223B19 /* XCRemoteSwiftPackageReference "firebase-ios-sdk" */;
			productName = FirebaseFirestore;
		};
		E20EC61C2BB3D96500223B19 /* FirebaseFirestoreSwift */ = {
			isa = XCSwiftPackageProductDependency;
			package = E20EC6172BB3D96500223B19 /* XCRemoteSwiftPackageReference "firebase-ios-sdk" */;
			productName = FirebaseFirestoreSwift;
		};
		E2C759EE2BC34A6F00F8894C /* FirebaseDatabase */ = {
			isa = XCSwiftPackageProductDependency;
			package = E20EC6172BB3D96500223B19 /* XCRemoteSwiftPackageReference "firebase-ios-sdk" */;
			productName = FirebaseDatabase;
		};
/* End XCSwiftPackageProductDependency section */
	};
	rootObject = E21466B82BAE72B2000A61DB /* Project object */;
}
